// !$*UTF8*$!
{
	archiveVersion = 1;
	classes = {
	};
	objectVersion = 77;
	objects = {

/* Begin PBXBuildFile section */
		2095BDD32D9FD66500439385 /* SkeletonView in Frameworks */ = {isa = PBXBuildFile; productRef = 2095BDD22D9FD66500439385 /* SkeletonView */; };
/* End PBXBuildFile section */

/* Begin PBXContainerItemProxy section */
		206CAB8D2D9BE5C800D7545C /* PBXContainerItemProxy */ = {
			isa = PBXContainerItemProxy;
			containerPortal = 206CAB6E2D9BE5C600D7545C /* Project object */;
			proxyType = 1;
			remoteGlobalIDString = 206CAB752D9BE5C600D7545C;
			remoteInfo = CollectionViewWaldberries;
		};
		206CAB972D9BE5C800D7545C /* PBXContainerItemProxy */ = {
			isa = PBXContainerItemProxy;
			containerPortal = 206CAB6E2D9BE5C600D7545C /* Project object */;
			proxyType = 1;
			remoteGlobalIDString = 206CAB752D9BE5C600D7545C;
			remoteInfo = CollectionViewWaldberries;
		};
/* End PBXContainerItemProxy section */

/* Begin PBXFileReference section */
		206CAB762D9BE5C600D7545C /* CollectionViewWaldberries.app */ = {isa = PBXFileReference; explicitFileType = wrapper.application; includeInIndex = 0; path = CollectionViewWaldberries.app; sourceTree = BUILT_PRODUCTS_DIR; };
		206CAB8C2D9BE5C800D7545C /* CollectionViewWaldberriesTests.xctest */ = {isa = PBXFileReference; explicitFileType = wrapper.cfbundle; includeInIndex = 0; path = CollectionViewWaldberriesTests.xctest; sourceTree = BUILT_PRODUCTS_DIR; };
		206CAB962D9BE5C800D7545C /* CollectionViewWaldberriesUITests.xctest */ = {isa = PBXFileReference; explicitFileType = wrapper.cfbundle; includeInIndex = 0; path = CollectionViewWaldberriesUITests.xctest; sourceTree = BUILT_PRODUCTS_DIR; };
/* End PBXFileReference section */

/* Begin PBXFileSystemSynchronizedBuildFileExceptionSet section */
		206CAB9E2D9BE5C800D7545C /* Exceptions for "CollectionViewWaldberries" folder in "CollectionViewWaldberries" target */ = {
			isa = PBXFileSystemSynchronizedBuildFileExceptionSet;
			membershipExceptions = (
				Info.plist,
			);
			target = 206CAB752D9BE5C600D7545C /* CollectionViewWaldberries */;
		};
/* End PBXFileSystemSynchronizedBuildFileExceptionSet section */

/* Begin PBXFileSystemSynchronizedRootGroup section */
		206CAB782D9BE5C600D7545C /* CollectionViewWaldberries */ = {
			isa = PBXFileSystemSynchronizedRootGroup;
			exceptions = (
				206CAB9E2D9BE5C800D7545C /* Exceptions for "CollectionViewWaldberries" folder in "CollectionViewWaldberries" target */,
			);
			path = CollectionViewWaldberries;
			sourceTree = "<group>";
		};
		206CAB8F2D9BE5C800D7545C /* CollectionViewWaldberriesTests */ = {
			isa = PBXFileSystemSynchronizedRootGroup;
			path = CollectionViewWaldberriesTests;
			sourceTree = "<group>";
		};
		206CAB992D9BE5C800D7545C /* CollectionViewWaldberriesUITests */ = {
			isa = PBXFileSystemSynchronizedRootGroup;
			path = CollectionViewWaldberriesUITests;
			sourceTree = "<group>";
		};
/* End PBXFileSystemSynchronizedRootGroup section */

/* Begin PBXFrameworksBuildPhase section */
		206CAB732D9BE5C600D7545C /* Frameworks */ = {
			isa = PBXFrameworksBuildPhase;
			buildActionMask = 2147483647;
			files = (
				2095BDD32D9FD66500439385 /* SkeletonView in Frameworks */,
			);
			runOnlyForDeploymentPostprocessing = 0;
		};
		206CAB892D9BE5C800D7545C /* Frameworks */ = {
			isa = PBXFrameworksBuildPhase;
			buildActionMask = 2147483647;
			files = (
			);
			runOnlyForDeploymentPostprocessing = 0;
		};
		206CAB932D9BE5C800D7545C /* Frameworks */ = {
			isa = PBXFrameworksBuildPhase;
			buildActionMask = 2147483647;
			files = (
			);
			runOnlyForDeploymentPostprocessing = 0;
		};
/* End PBXFrameworksBuildPhase section */

/* Begin PBXGroup section */
		206CAB6D2D9BE5C600D7545C = {
			isa = PBXGroup;
			children = (
				206CAB782D9BE5C600D7545C /* CollectionViewWaldberries */,
				206CAB8F2D9BE5C800D7545C /* CollectionViewWaldberriesTests */,
				206CAB992D9BE5C800D7545C /* CollectionViewWaldberriesUITests */,
				206CAB772D9BE5C600D7545C /* Products */,
			);
			sourceTree = "<group>";
		};
		206CAB772D9BE5C600D7545C /* Products */ = {
			isa = PBXGroup;
			children = (
				206CAB762D9BE5C600D7545C /* CollectionViewWaldberries.app */,
				206CAB8C2D9BE5C800D7545C /* CollectionViewWaldberriesTests.xctest */,
				206CAB962D9BE5C800D7545C /* CollectionViewWaldberriesUITests.xctest */,
			);
			name = Products;
			sourceTree = "<group>";
		};
/* End PBXGroup section */

/* Begin PBXNativeTarget section */
		206CAB752D9BE5C600D7545C /* CollectionViewWaldberries */ = {
			isa = PBXNativeTarget;
			buildConfigurationList = 206CAB9F2D9BE5C800D7545C /* Build configuration list for PBXNativeTarget "CollectionViewWaldberries" */;
			buildPhases = (
				206CAB722D9BE5C600D7545C /* Sources */,
				206CAB732D9BE5C600D7545C /* Frameworks */,
				206CAB742D9BE5C600D7545C /* Resources */,
			);
			buildRules = (
			);
			dependencies = (
			);
			fileSystemSynchronizedGroups = (
				206CAB782D9BE5C600D7545C /* CollectionViewWaldberries */,
			);
			name = CollectionViewWaldberries;
			packageProductDependencies = (
				2095BDD22D9FD66500439385 /* SkeletonView */,
			);
			productName = CollectionViewWaldberries;
			productReference = 206CAB762D9BE5C600D7545C /* CollectionViewWaldberries.app */;
			productType = "com.apple.product-type.application";
		};
		206CAB8B2D9BE5C800D7545C /* CollectionViewWaldberriesTests */ = {
			isa = PBXNativeTarget;
			buildConfigurationList = 206CABA42D9BE5C800D7545C /* Build configuration list for PBXNativeTarget "CollectionViewWaldberriesTests" */;
			buildPhases = (
				206CAB882D9BE5C800D7545C /* Sources */,
				206CAB892D9BE5C800D7545C /* Frameworks */,
				206CAB8A2D9BE5C800D7545C /* Resources */,
			);
			buildRules = (
			);
			dependencies = (
				206CAB8E2D9BE5C800D7545C /* PBXTargetDependency */,
			);
			fileSystemSynchronizedGroups = (
				206CAB8F2D9BE5C800D7545C /* CollectionViewWaldberriesTests */,
			);
			name = CollectionViewWaldberriesTests;
			packageProductDependencies = (
			);
			productName = CollectionViewWaldberriesTests;
			productReference = 206CAB8C2D9BE5C800D7545C /* CollectionViewWaldberriesTests.xctest */;
			productType = "com.apple.product-type.bundle.unit-test";
		};
		206CAB952D9BE5C800D7545C /* CollectionViewWaldberriesUITests */ = {
			isa = PBXNativeTarget;
			buildConfigurationList = 206CABA72D9BE5C800D7545C /* Build configuration list for PBXNativeTarget "CollectionViewWaldberriesUITests" */;
			buildPhases = (
				206CAB922D9BE5C800D7545C /* Sources */,
				206CAB932D9BE5C800D7545C /* Frameworks */,
				206CAB942D9BE5C800D7545C /* Resources */,
			);
			buildRules = (
			);
			dependencies = (
				206CAB982D9BE5C800D7545C /* PBXTargetDependency */,
			);
			fileSystemSynchronizedGroups = (
				206CAB992D9BE5C800D7545C /* CollectionViewWaldberriesUITests */,
			);
			name = CollectionViewWaldberriesUITests;
			packageProductDependencies = (
			);
			productName = CollectionViewWaldberriesUITests;
			productReference = 206CAB962D9BE5C800D7545C /* CollectionViewWaldberriesUITests.xctest */;
			productType = "com.apple.product-type.bundle.ui-testing";
		};
/* End PBXNativeTarget section */

/* Begin PBXProject section */
		206CAB6E2D9BE5C600D7545C /* Project object */ = {
			isa = PBXProject;
			attributes = {
				BuildIndependentTargetsInParallel = 1;
				LastSwiftUpdateCheck = 1630;
				LastUpgradeCheck = 1630;
				TargetAttributes = {
					206CAB752D9BE5C600D7545C = {
						CreatedOnToolsVersion = 16.3;
					};
					206CAB8B2D9BE5C800D7545C = {
						CreatedOnToolsVersion = 16.3;
						TestTargetID = 206CAB752D9BE5C600D7545C;
					};
					206CAB952D9BE5C800D7545C = {
						CreatedOnToolsVersion = 16.3;
						TestTargetID = 206CAB752D9BE5C600D7545C;
					};
				};
			};
			buildConfigurationList = 206CAB712D9BE5C600D7545C /* Build configuration list for PBXProject "CollectionViewWaldberries" */;
			developmentRegion = en;
			hasScannedForEncodings = 0;
			knownRegions = (
				en,
				Base,
			);
			mainGroup = 206CAB6D2D9BE5C600D7545C;
			minimizedProjectReferenceProxies = 1;
			packageReferences = (
				2095BDD12D9FD4F200439385 /* XCRemoteSwiftPackageReference "SkeletonView" */,
			);
			preferredProjectObjectVersion = 77;
			productRefGroup = 206CAB772D9BE5C600D7545C /* Products */;
			projectDirPath = "";
			projectRoot = "";
			targets = (
				206CAB752D9BE5C600D7545C /* CollectionViewWaldberries */,
				206CAB8B2D9BE5C800D7545C /* CollectionViewWaldberriesTests */,
				206CAB952D9BE5C800D7545C /* CollectionViewWaldberriesUITests */,
			);
		};
/* End PBXProject section */

/* Begin PBXResourcesBuildPhase section */
		206CAB742D9BE5C600D7545C /* Resources */ = {
			isa = PBXResourcesBuildPhase;
			buildActionMask = 2147483647;
			files = (
			);
			runOnlyForDeploymentPostprocessing = 0;
		};
		206CAB8A2D9BE5C800D7545C /* Resources */ = {
			isa = PBXResourcesBuildPhase;
			buildActionMask = 2147483647;
			files = (
			);
			runOnlyForDeploymentPostprocessing = 0;
		};
		206CAB942D9BE5C800D7545C /* Resources */ = {
			isa = PBXResourcesBuildPhase;
			buildActionMask = 2147483647;
			files = (
			);
			runOnlyForDeploymentPostprocessing = 0;
		};
/* End PBXResourcesBuildPhase section */

/* Begin PBXSourcesBuildPhase section */
		206CAB722D9BE5C600D7545C /* Sources */ = {
			isa = PBXSourcesBuildPhase;
			buildActionMask = 2147483647;
			files = (
			);
			runOnlyForDeploymentPostprocessing = 0;
		};
		206CAB882D9BE5C800D7545C /* Sources */ = {
			isa = PBXSourcesBuildPhase;
			buildActionMask = 2147483647;
			files = (
			);
			runOnlyForDeploymentPostprocessing = 0;
		};
		206CAB922D9BE5C800D7545C /* Sources */ = {
			isa = PBXSourcesBuildPhase;
			buildActionMask = 2147483647;
			files = (
			);
			runOnlyForDeploymentPostprocessing = 0;
		};
/* End PBXSourcesBuildPhase section */

/* Begin PBXTargetDependency section */
		206CAB8E2D9BE5C800D7545C /* PBXTargetDependency */ = {
			isa = PBXTargetDependency;
			target = 206CAB752D9BE5C600D7545C /* CollectionViewWaldberries */;
			targetProxy = 206CAB8D2D9BE5C800D7545C /* PBXContainerItemProxy */;
		};
		206CAB982D9BE5C800D7545C /* PBXTargetDependency */ = {
			isa = PBXTargetDependency;
			target = 206CAB752D9BE5C600D7545C /* CollectionViewWaldberries */;
			targetProxy = 206CAB972D9BE5C800D7545C /* PBXContainerItemProxy */;
		};
/* End PBXTargetDependency section */

/* Begin XCBuildConfiguration section */
		206CABA02D9BE5C800D7545C /* Debug */ = {
			isa = XCBuildConfiguration;
			buildSettings = {
				ASSETCATALOG_COMPILER_APPICON_NAME = AppIcon;
				ASSETCATALOG_COMPILER_GLOBAL_ACCENT_COLOR_NAME = AccentColor;
				CODE_SIGN_STYLE = Automatic;
				CURRENT_PROJECT_VERSION = 1;
				GENERATE_INFOPLIST_FILE = YES;
				INFOPLIST_FILE = CollectionViewWaldberries/Info.plist;
				INFOPLIST_KEY_UIApplicationSupportsIndirectInputEvents = YES;
				INFOPLIST_KEY_UILaunchStoryboardName = LaunchScreen;
				INFOPLIST_KEY_UIMainStoryboardFile = Main;
				INFOPLIST_KEY_UISupportedInterfaceOrientations_iPad = "UIInterfaceOrientationPortrait UIInterfaceOrientationPortraitUpsideDown UIInterfaceOrientationLandscapeLeft UIInterfaceOrientationLandscapeRight";
				INFOPLIST_KEY_UISupportedInterfaceOrientations_iPhone = "UIInterfaceOrientationPortrait UIInterfaceOrientationLandscapeLeft UIInterfaceOrientationLandscapeRight";
				LD_RUNPATH_SEARCH_PATHS = (
					"$(inherited)",
					"@executable_path/Frameworks",
				);
				MARKETING_VERSION = 1.0;
				PRODUCT_BUNDLE_IDENTIFIER = "-2176.CollectionViewWaldberries";
				PRODUCT_NAME = "$(TARGET_NAME)";
				SWIFT_EMIT_LOC_STRINGS = YES;
				SWIFT_VERSION = 5.0;
				TARGETED_DEVICE_FAMILY = "1,2";
			};
			name = Debug;
		};
		206CABA12D9BE5C800D7545C /* Release */ = {
			isa = XCBuildConfiguration;
			buildSettings = {
				ASSETCATALOG_COMPILER_APPICON_NAME = AppIcon;
				ASSETCATALOG_COMPILER_GLOBAL_ACCENT_COLOR_NAME = AccentColor;
				CODE_SIGN_STYLE = Automatic;
				CURRENT_PROJECT_VERSION = 1;
				GENERATE_INFOPLIST_FILE = YES;
				INFOPLIST_FILE = CollectionViewWaldberries/Info.plist;
				INFOPLIST_KEY_UIApplicationSupportsIndirectInputEvents = YES;
				INFOPLIST_KEY_UILaunchStoryboardName = LaunchScreen;
				INFOPLIST_KEY_UIMainStoryboardFile = Main;
				INFOPLIST_KEY_UISupportedInterfaceOrientations_iPad = "UIInterfaceOrientationPortrait UIInterfaceOrientationPortraitUpsideDown UIInterfaceOrientationLandscapeLeft UIInterfaceOrientationLandscapeRight";
				INFOPLIST_KEY_UISupportedInterfaceOrientations_iPhone = "UIInterfaceOrientationPortrait UIInterfaceOrientationLandscapeLeft UIInterfaceOrientationLandscapeRight";
				LD_RUNPATH_SEARCH_PATHS = (
					"$(inherited)",
					"@executable_path/Frameworks",
				);
				MARKETING_VERSION = 1.0;
				PRODUCT_BUNDLE_IDENTIFIER = "-2176.CollectionViewWaldberries";
				PRODUCT_NAME = "$(TARGET_NAME)";
				SWIFT_EMIT_LOC_STRINGS = YES;
				SWIFT_VERSION = 5.0;
				TARGETED_DEVICE_FAMILY = "1,2";
			};
			name = Release;
		};
		206CABA22D9BE5C800D7545C /* Debug */ = {
			isa = XCBuildConfiguration;
			buildSettings = {
				ALWAYS_SEARCH_USER_PATHS = NO;
				ASSETCATALOG_COMPILER_GENERATE_SWIFT_ASSET_SYMBOL_EXTENSIONS = YES;
				CLANG_ANALYZER_NONNULL = YES;
				CLANG_ANALYZER_NUMBER_OBJECT_CONVERSION = YES_AGGRESSIVE;
				CLANG_CXX_LANGUAGE_STANDARD = "gnu++20";
				CLANG_ENABLE_MODULES = YES;
				CLANG_ENABLE_OBJC_ARC = YES;
				CLANG_ENABLE_OBJC_WEAK = YES;
				CLANG_WARN_BLOCK_CAPTURE_AUTORELEASING = YES;
				CLANG_WARN_BOOL_CONVERSION = YES;
				CLANG_WARN_COMMA = YES;
				CLANG_WARN_CONSTANT_CONVERSION = YES;
				CLANG_WARN_DEPRECATED_OBJC_IMPLEMENTATIONS = YES;
				CLANG_WARN_DIRECT_OBJC_ISA_USAGE = YES_ERROR;
				CLANG_WARN_DOCUMENTATION_COMMENTS = YES;
				CLANG_WARN_EMPTY_BODY = YES;
				CLANG_WARN_ENUM_CONVERSION = YES;
				CLANG_WARN_INFINITE_RECURSION = YES;
				CLANG_WARN_INT_CONVERSION = YES;
				CLANG_WARN_NON_LITERAL_NULL_CONVERSION = YES;
				CLANG_WARN_OBJC_IMPLICIT_RETAIN_SELF = YES;
				CLANG_WARN_OBJC_LITERAL_CONVERSION = YES;
				CLANG_WARN_OBJC_ROOT_CLASS = YES_ERROR;
				CLANG_WARN_QUOTED_INCLUDE_IN_FRAMEWORK_HEADER = YES;
				CLANG_WARN_RANGE_LOOP_ANALYSIS = YES;
				CLANG_WARN_STRICT_PROTOTYPES = YES;
				CLANG_WARN_SUSPICIOUS_MOVE = YES;
				CLANG_WARN_UNGUARDED_AVAILABILITY = YES_AGGRESSIVE;
				CLANG_WARN_UNREACHABLE_CODE = YES;
				CLANG_WARN__DUPLICATE_METHOD_MATCH = YES;
				COPY_PHASE_STRIP = NO;
				DEBUG_INFORMATION_FORMAT = dwarf;
				ENABLE_STRICT_OBJC_MSGSEND = YES;
				ENABLE_TESTABILITY = YES;
				ENABLE_USER_SCRIPT_SANDBOXING = YES;
				GCC_C_LANGUAGE_STANDARD = gnu17;
				GCC_DYNAMIC_NO_PIC = NO;
				GCC_NO_COMMON_BLOCKS = YES;
				GCC_OPTIMIZATION_LEVEL = 0;
				GCC_PREPROCESSOR_DEFINITIONS = (
					"DEBUG=1",
					"$(inherited)",
				);
				GCC_WARN_64_TO_32_BIT_CONVERSION = YES;
				GCC_WARN_ABOUT_RETURN_TYPE = YES_ERROR;
				GCC_WARN_UNDECLARED_SELECTOR = YES;
				GCC_WARN_UNINITIALIZED_AUTOS = YES_AGGRESSIVE;
				GCC_WARN_UNUSED_FUNCTION = YES;
				GCC_WARN_UNUSED_VARIABLE = YES;
				IPHONEOS_DEPLOYMENT_TARGET = 18.4;
				LOCALIZATION_PREFERS_STRING_CATALOGS = YES;
				MTL_ENABLE_DEBUG_INFO = INCLUDE_SOURCE;
				MTL_FAST_MATH = YES;
				ONLY_ACTIVE_ARCH = YES;
				SDKROOT = iphoneos;
				SWIFT_ACTIVE_COMPILATION_CONDITIONS = "DEBUG $(inherited)";
				SWIFT_OPTIMIZATION_LEVEL = "-Onone";
			};
			name = Debug;
		};
		206CABA32D9BE5C800D7545C /* Release */ = {
			isa = XCBuildConfiguration;
			buildSettings = {
				ALWAYS_SEARCH_USER_PATHS = NO;
				ASSETCATALOG_COMPILER_GENERATE_SWIFT_ASSET_SYMBOL_EXTENSIONS = YES;
				CLANG_ANALYZER_NONNULL = YES;
				CLANG_ANALYZER_NUMBER_OBJECT_CONVERSION = YES_AGGRESSIVE;
				CLANG_CXX_LANGUAGE_STANDARD = "gnu++20";
				CLANG_ENABLE_MODULES = YES;
				CLANG_ENABLE_OBJC_ARC = YES;
				CLANG_ENABLE_OBJC_WEAK = YES;
				CLANG_WARN_BLOCK_CAPTURE_AUTORELEASING = YES;
				CLANG_WARN_BOOL_CONVERSION = YES;
				CLANG_WARN_COMMA = YES;
				CLANG_WARN_CONSTANT_CONVERSION = YES;
				CLANG_WARN_DEPRECATED_OBJC_IMPLEMENTATIONS = YES;
				CLANG_WARN_DIRECT_OBJC_ISA_USAGE = YES_ERROR;
				CLANG_WARN_DOCUMENTATION_COMMENTS = YES;
				CLANG_WARN_EMPTY_BODY = YES;
				CLANG_WARN_ENUM_CONVERSION = YES;
				CLANG_WARN_INFINITE_RECURSION = YES;
				CLANG_WARN_INT_CONVERSION = YES;
				CLANG_WARN_NON_LITERAL_NULL_CONVERSION = YES;
				CLANG_WARN_OBJC_IMPLICIT_RETAIN_SELF = YES;
				CLANG_WARN_OBJC_LITERAL_CONVERSION = YES;
				CLANG_WARN_OBJC_ROOT_CLASS = YES_ERROR;
				CLANG_WARN_QUOTED_INCLUDE_IN_FRAMEWORK_HEADER = YES;
				CLANG_WARN_RANGE_LOOP_ANALYSIS = YES;
				CLANG_WARN_STRICT_PROTOTYPES = YES;
				CLANG_WARN_SUSPICIOUS_MOVE = YES;
				CLANG_WARN_UNGUARDED_AVAILABILITY = YES_AGGRESSIVE;
				CLANG_WARN_UNREACHABLE_CODE = YES;
				CLANG_WARN__DUPLICATE_METHOD_MATCH = YES;
				COPY_PHASE_STRIP = NO;
				DEBUG_INFORMATION_FORMAT = "dwarf-with-dsym";
				ENABLE_NS_ASSERTIONS = NO;
				ENABLE_STRICT_OBJC_MSGSEND = YES;
				ENABLE_USER_SCRIPT_SANDBOXING = YES;
				GCC_C_LANGUAGE_STANDARD = gnu17;
				GCC_NO_COMMON_BLOCKS = YES;
				GCC_WARN_64_TO_32_BIT_CONVERSION = YES;
				GCC_WARN_ABOUT_RETURN_TYPE = YES_ERROR;
				GCC_WARN_UNDECLARED_SELECTOR = YES;
				GCC_WARN_UNINITIALIZED_AUTOS = YES_AGGRESSIVE;
				GCC_WARN_UNUSED_FUNCTION = YES;
				GCC_WARN_UNUSED_VARIABLE = YES;
				IPHONEOS_DEPLOYMENT_TARGET = 18.4;
				LOCALIZATION_PREFERS_STRING_CATALOGS = YES;
				MTL_ENABLE_DEBUG_INFO = NO;
				MTL_FAST_MATH = YES;
				SDKROOT = iphoneos;
				SWIFT_COMPILATION_MODE = wholemodule;
				VALIDATE_PRODUCT = YES;
			};
			name = Release;
		};
		206CABA52D9BE5C800D7545C /* Debug */ = {
			isa = XCBuildConfiguration;
			buildSettings = {
				BUNDLE_LOADER = "$(TEST_HOST)";
				CODE_SIGN_STYLE = Automatic;
				CURRENT_PROJECT_VERSION = 1;
				GENERATE_INFOPLIST_FILE = YES;
				IPHONEOS_DEPLOYMENT_TARGET = 18.4;
				MARKETING_VERSION = 1.0;
				PRODUCT_BUNDLE_IDENTIFIER = "-2176.CollectionViewWaldberriesTests";
				PRODUCT_NAME = "$(TARGET_NAME)";
				SWIFT_EMIT_LOC_STRINGS = NO;
				SWIFT_VERSION = 5.0;
				TARGETED_DEVICE_FAMILY = "1,2";
				TEST_HOST = "$(BUILT_PRODUCTS_DIR)/CollectionViewWaldberries.app/$(BUNDLE_EXECUTABLE_FOLDER_PATH)/CollectionViewWaldberries";
			};
			name = Debug;
		};
		206CABA62D9BE5C800D7545C /* Release */ = {
			isa = XCBuildConfiguration;
			buildSettings = {
				BUNDLE_LOADER = "$(TEST_HOST)";
				CODE_SIGN_STYLE = Automatic;
				CURRENT_PROJECT_VERSION = 1;
				GENERATE_INFOPLIST_FILE = YES;
				IPHONEOS_DEPLOYMENT_TARGET = 18.4;
				MARKETING_VERSION = 1.0;
				PRODUCT_BUNDLE_IDENTIFIER = "-2176.CollectionViewWaldberriesTests";
				PRODUCT_NAME = "$(TARGET_NAME)";
				SWIFT_EMIT_LOC_STRINGS = NO;
				SWIFT_VERSION = 5.0;
				TARGETED_DEVICE_FAMILY = "1,2";
				TEST_HOST = "$(BUILT_PRODUCTS_DIR)/CollectionViewWaldberries.app/$(BUNDLE_EXECUTABLE_FOLDER_PATH)/CollectionViewWaldberries";
			};
			name = Release;
		};
		206CABA82D9BE5C800D7545C /* Debug */ = {
			isa = XCBuildConfiguration;
			buildSettings = {
				CODE_SIGN_STYLE = Automatic;
				CURRENT_PROJECT_VERSION = 1;
				GENERATE_INFOPLIST_FILE = YES;
				MARKETING_VERSION = 1.0;
				PRODUCT_BUNDLE_IDENTIFIER = "-2176.CollectionViewWaldberriesUITests";
				PRODUCT_NAME = "$(TARGET_NAME)";
				SWIFT_EMIT_LOC_STRINGS = NO;
				SWIFT_VERSION = 5.0;
				TARGETED_DEVICE_FAMILY = "1,2";
				TEST_TARGET_NAME = CollectionViewWaldberries;
			};
			name = Debug;
		};
		206CABA92D9BE5C800D7545C /* Release */ = {
			isa = XCBuildConfiguration;
			buildSettings = {
				CODE_SIGN_STYLE = Automatic;
				CURRENT_PROJECT_VERSION = 1;
				GENERATE_INFOPLIST_FILE = YES;
				MARKETING_VERSION = 1.0;
				PRODUCT_BUNDLE_IDENTIFIER = "-2176.CollectionViewWaldberriesUITests";
				PRODUCT_NAME = "$(TARGET_NAME)";
				SWIFT_EMIT_LOC_STRINGS = NO;
				SWIFT_VERSION = 5.0;
				TARGETED_DEVICE_FAMILY = "1,2";
				TEST_TARGET_NAME = CollectionViewWaldberries;
			};
			name = Release;
		};
/* End XCBuildConfiguration section */

/* Begin XCConfigurationList section */
		206CAB712D9BE5C600D7545C /* Build configuration list for PBXProject "CollectionViewWaldberries" */ = {
			isa = XCConfigurationList;
			buildConfigurations = (
				206CABA22D9BE5C800D7545C /* Debug */,
				206CABA32D9BE5C800D7545C /* Release */,
			);
			defaultConfigurationIsVisible = 0;
			defaultConfigurationName = Release;
		};
		206CAB9F2D9BE5C800D7545C /* Build configuration list for PBXNativeTarget "CollectionViewWaldberries" */ = {
			isa = XCConfigurationList;
			buildConfigurations = (
				206CABA02D9BE5C800D7545C /* Debug */,
				206CABA12D9BE5C800D7545C /* Release */,
			);
			defaultConfigurationIsVisible = 0;
			defaultConfigurationName = Release;
		};
		206CABA42D9BE5C800D7545C /* Build configuration list for PBXNativeTarget "CollectionViewWaldberriesTests" */ = {
			isa = XCConfigurationList;
			buildConfigurations = (
				206CABA52D9BE5C800D7545C /* Debug */,
				206CABA62D9BE5C800D7545C /* Release */,
			);
			defaultConfigurationIsVisible = 0;
			defaultConfigurationName = Release;
		};
		206CABA72D9BE5C800D7545C /* Build configuration list for PBXNativeTarget "CollectionViewWaldberriesUITests" */ = {
			isa = XCConfigurationList;
			buildConfigurations = (
				206CABA82D9BE5C800D7545C /* Debug */,
				206CABA92D9BE5C800D7545C /* Release */,
			);
			defaultConfigurationIsVisible = 0;
			defaultConfigurationName = Release;
		};
/* End XCConfigurationList section */

/* Begin XCRemoteSwiftPackageReference section */
		2095BDD12D9FD4F200439385 /* XCRemoteSwiftPackageReference "SkeletonView" */ = {
			isa = XCRemoteSwiftPackageReference;
			repositoryURL = "https://github.com/Juanpe/SkeletonView.git";
			requirement = {
				kind = upToNextMajorVersion;
				minimumVersion = 1.31.0;
			};
		};
/* End XCRemoteSwiftPackageReference section */

/* Begin XCSwiftPackageProductDependency section */
		2095BDD22D9FD66500439385 /* SkeletonView */ = {
			isa = XCSwiftPackageProductDependency;
			package = 2095BDD12D9FD4F200439385 /* XCRemoteSwiftPackageReference "SkeletonView" */;
			productName = SkeletonView;
		};
/* End XCSwiftPackageProductDependency section */
	};
	rootObject = 206CAB6E2D9BE5C600D7545C /* Project object */;
}
